<Solution>
    <Folder Name="/modules/">
        <Project Path="modules/Shared/Wathiq.Shared/Wathiq.Shared.csproj" />
    </Folder>
    <Folder Name="/modules/Documents/">
        <Project Path="modules/Documents/Wathiq.Documents.Application/Wathiq.Documents.Application.csproj" />
        <Project Path="modules/Documents/Wathiq.Documents.Domain/Wathiq.Documents.Domain.csproj" />
        <Project Path="modules/Documents/Wathiq.Documents.EntityFrameworkCore/Wathiq.Documents.EntityFrameworkCore.csproj" />
        <Project Path="modules/Documents/Wathiq.Documents.HttpApi/Wathiq.Documents.HttpApi.csproj" />
    </Folder>
    <Folder Name="/modules/Ai/">
        <Project Path="modules/Ai/Wathiq.Ai.Application/Wathiq.Ai.Application.csproj" />
        <Project Path="modules/Ai/Wathiq.Ai.Domain/Wathiq.Ai.Domain.csproj" />
        <Project Path="modules/Ai/Wathiq.Ai.EntityFrameworkCore/Wathiq.Ai.EntityFrameworkCore.csproj" />
        <Project Path="modules/Ai/Wathiq.Ai.HttpApi/Wathiq.Ai.HttpApi.csproj" />
    </Folder>
    <Folder Name="/modules/Reminders/">
        <Project Path="modules/Reminders/Wathiq.Reminders.Application/Wathiq.Reminders.Application.csproj" />
        <Project Path="modules/Reminders/Wathiq.Reminders.Domain/Wathiq.Reminders.Domain.csproj" />
        <Project Path="modules/Reminders/Wathiq.Reminders.EntityFrameworkCore/Wathiq.Reminders.EntityFrameworkCore.csproj" />
        <Project Path="modules/Reminders/Wathiq.Reminders.HttpApi/Wathiq.Reminders.HttpApi.csproj" />
    </Folder>
    <Folder Name="/src/">
        <Project Path="src/Wathiq.Domain/Wathiq.Domain.csproj" />
        <Project Path="src/Wathiq.Application/Wathiq.Application.csproj" />
        <Project Path="src/Wathiq.EntityFrameworkCore/Wathiq.EntityFrameworkCore.csproj" />
        <Project Path="src/Wathiq.Domain.Shared/Wathiq.Domain.Shared.csproj" />
        <Project Path="src/Wathiq.Application.Contracts/Wathiq.Application.Contracts.csproj" />
        <Project Path="src/Wathiq.HttpApi/Wathiq.HttpApi.csproj" />
        <Project Path="src/Wathiq.HttpApi.Client/Wathiq.HttpApi.Client.csproj" />
        <Project Path="src/Wathiq.DbMigrator/Wathiq.DbMigrator.csproj" />
        <Project Path="src/Wathiq.HttpApi.Host/Wathiq.HttpApi.Host.csproj" />
    </Folder>
    <Folder Name="/test/">
        <Project Path="test/Wathiq.Application.Tests/Wathiq.Application.Tests.csproj" />
        <Project Path="test/Wathiq.EntityFrameworkCore.Tests/Wathiq.EntityFrameworkCore.Tests.csproj" />
        <Project Path="test/Wathiq.TestBase/Wathiq.TestBase.csproj" />
        <Project Path="test/Wathiq.Domain.Tests/Wathiq.Domain.Tests.csproj" />
        <Project Path="test/Wathiq.HttpApi.Client.ConsoleTestApp/Wathiq.HttpApi.Client.ConsoleTestApp.csproj" />
    </Folder>
</Solution>